
Microsoft Visual Studio Solution File, Format Version 12.00
# Visual Studio Version 16
VisualStudioVersion = 16.0.31424.327
MinimumVisualStudioVersion = 10.0.40219.1
Project("{FAE04EC0-301F-11D3-BF4B-00C04F79EFBC}") = "WinCC_REST_API", "WinCC_REST_API\WinCC_REST_API.csproj", "{18B95DDB-793A-4ADE-A3B1-55CED30ACA2F}"
EndProject
Global
	GlobalSection(SolutionConfigurationPlatforms) = preSolution
		Debug|Any CPU = Debug|Any CPU
		Release|Any CPU = Release|Any CPU
	EndGlobalSection
	GlobalSection(ProjectConfigurationPlatforms) = postSolution
		{18B95DDB-793A-4ADE-A3B1-55CED30ACA2F}.Debug|Any CPU.ActiveCfg = Debug|Any CPU
		{18B95DDB-793A-4ADE-A3B1-55CED30ACA2F}.Debug|Any CPU.Build.0 = Debug|Any CPU
		{18B95DDB-793A-4ADE-A3B1-55CED30ACA2F}.Release|Any CPU.ActiveCfg = Release|Any CPU
		{18B95DDB-793A-4ADE-A3B1-55CED30ACA2F}.Release|Any CPU.Build.0 = Release|Any CPU
	EndGlobalSection
	GlobalSection(SolutionProperties) = preSolution
		HideSolutionNode = FALSE
	EndGlobalSection
	GlobalSection(ExtensibilityGlobals) = postSolution
		SolutionGuid = {DD00721E-106B-420B-99C0-23ACBFD849B6}
	EndGlobalSection
EndGlobal
